
Microsoft Visual Studio Solution File, Format Version 12.00
# Visual Studio Version 17
VisualStudioVersion = 17.6.33829.357
MinimumVisualStudioVersion = 10.0.40219.1
Project("{FAE04EC0-301F-11D3-BF4B-00C04F79EFBC}") = "ProyProductoMVC", "ProyProductoMVC\ProyProductoMVC.csproj", "{C344C843-FC55-4796-8135-2943AE92465B}"
EndProject
Global
	GlobalSection(SolutionConfigurationPlatforms) = preSolution
		Debug|Any CPU = Debug|Any CPU
		Release|Any CPU = Release|Any CPU
	EndGlobalSection
	GlobalSection(ProjectConfigurationPlatforms) = postSolution
		{C344C843-FC55-4796-8135-2943AE92465B}.Debug|Any CPU.ActiveCfg = Debug|Any CPU
		{C344C843-FC55-4796-8135-2943AE92465B}.Debug|Any CPU.Build.0 = Debug|Any CPU
		{C344C843-FC55-4796-8135-2943AE92465B}.Release|Any CPU.ActiveCfg = Release|Any CPU
		{C344C843-FC55-4796-8135-2943AE92465B}.Release|Any CPU.Build.0 = Release|Any CPU
	EndGlobalSection
	GlobalSection(SolutionProperties) = preSolution
		HideSolutionNode = FALSE
	EndGlobalSection
	GlobalSection(ExtensibilityGlobals) = postSolution
		SolutionGuid = {D7E5E133-B472-4799-9B57-E8B8E00C9B89}
	EndGlobalSection
EndGlobal
